
Microsoft Visual Studio Solution File, Format Version 12.00
# Visual Studio Version 16
VisualStudioVersion = 16.0.32106.194
MinimumVisualStudioVersion = 10.0.40219.1
Project("{FAE04EC0-301F-11D3-BF4B-00C04F79EFBC}") = "TrainFormuls", "TrainFormuls\TrainFormuls.csproj", "{0258AAFE-9CFD-4873-B9CB-F1AC16DF43F2}"
EndProject
Global
	GlobalSection(SolutionConfigurationPlatforms) = preSolution
		Debug|Any CPU = Debug|Any CPU
		Release|Any CPU = Release|Any CPU
	EndGlobalSection
	GlobalSection(ProjectConfigurationPlatforms) = postSolution
		{0258AAFE-9CFD-4873-B9CB-F1AC16DF43F2}.Debug|Any CPU.ActiveCfg = Debug|Any CPU
		{0258AAFE-9CFD-4873-B9CB-F1AC16DF43F2}.Debug|Any CPU.Build.0 = Debug|Any CPU
		{0258AAFE-9CFD-4873-B9CB-F1AC16DF43F2}.Release|Any CPU.ActiveCfg = Release|Any CPU
		{0258AAFE-9CFD-4873-B9CB-F1AC16DF43F2}.Release|Any CPU.Build.0 = Release|Any CPU
	EndGlobalSection
	GlobalSection(SolutionProperties) = preSolution
		HideSolutionNode = FALSE
	EndGlobalSection
	GlobalSection(ExtensibilityGlobals) = postSolution
		SolutionGuid = {240BD7FA-F4BC-4142-8B47-920D75A91447}
	EndGlobalSection
EndGlobal
